<Solution>
  <Project Path="src/miniMOO.Cli/miniMOO.Cli.csproj" />
  <Project Path="src/miniMOO.Core/miniMOO.Core.csproj" />
  <Project Path="src/miniMOO.Data/miniMOO.Data.csproj" />
  <Project Path="src/miniMOO.Engine/miniMOO.Engine.csproj" />
  <Project Path="src/miniMOO.Host/miniMOO.Host.csproj" />
  <Project Path="src/miniMOO.Script/miniMOO.Script.csproj" />
</Solution>
